{
  "name": "flash-loan-arbitrage",
  "lockfileVersion": 3,
  "requires": true,
  "packages": {
    "": {
      "dependencies": {
        "@aave/core-v3": "^1.17.2",
        "aave": "^0.0.1-security"
      }
    },
    "node_modules/@aave/core-v3": {
      "version": "1.17.2",
      "resolved": "https://registry.npmjs.org/@aave/core-v3/-/core-v3-1.17.2.tgz",
      "integrity": "sha512-ztCyKTALoeOQy6MlWVRCvHgilh6vT+d6lwjXhIsmlEYlA0v3L6dQBIyTFIzHBUfcpEjs0T3tSmcVxGY+GAUZ1g==",
      "engines": {
        "node": ">=16.0.0"
      }
    },
    "node_modules/aave": {
      "version": "0.0.1-security",
      "resolved": "https://registry.npmjs.org/aave/-/aave-0.0.1-security.tgz",
      "integrity": "sha512-wz1wVV+5Zz2kKCQLwdIlcvk9pY+WSGZqdwmnvsrYmu+uDlT/IwyhL5rmZCI/BhHLxtsReRCNQUPGStFpbDFRgw=="
    }
  }
}
